
Microsoft Visual Studio Solution File, Format Version 12.00
# Visual Studio 15
VisualStudioVersion = 15.0.28307.539
MinimumVisualStudioVersion = 10.0.40219.1
Project("{FAE04EC0-301F-11D3-BF4B-00C04F79EFBC}") = "UnitTestLab1", "單元測試練習\UnitTestLab1.csproj", "{E3F79C2F-722F-48CD-B731-D7D88FE62AF0}"
EndProject
Project("{FAE04EC0-301F-11D3-BF4B-00C04F79EFBC}") = "UnitTestLab1Tests", "UnitTestLab1Tests\UnitTestLab1Tests.csproj", "{11817A1B-B463-4927-9D72-B114E293FE7A}"
EndProject
Global
	GlobalSection(SolutionConfigurationPlatforms) = preSolution
		Debug|Any CPU = Debug|Any CPU
		Release|Any CPU = Release|Any CPU
	EndGlobalSection
	GlobalSection(ProjectConfigurationPlatforms) = postSolution
		{E3F79C2F-722F-48CD-B731-D7D88FE62AF0}.Debug|Any CPU.ActiveCfg = Debug|Any CPU
		{E3F79C2F-722F-48CD-B731-D7D88FE62AF0}.Debug|Any CPU.Build.0 = Debug|Any CPU
		{E3F79C2F-722F-48CD-B731-D7D88FE62AF0}.Release|Any CPU.ActiveCfg = Release|Any CPU
		{E3F79C2F-722F-48CD-B731-D7D88FE62AF0}.Release|Any CPU.Build.0 = Release|Any CPU
		{11817A1B-B463-4927-9D72-B114E293FE7A}.Debug|Any CPU.ActiveCfg = Debug|Any CPU
		{11817A1B-B463-4927-9D72-B114E293FE7A}.Debug|Any CPU.Build.0 = Debug|Any CPU
		{11817A1B-B463-4927-9D72-B114E293FE7A}.Release|Any CPU.ActiveCfg = Release|Any CPU
		{11817A1B-B463-4927-9D72-B114E293FE7A}.Release|Any CPU.Build.0 = Release|Any CPU
	EndGlobalSection
	GlobalSection(SolutionProperties) = preSolution
		HideSolutionNode = FALSE
	EndGlobalSection
	GlobalSection(ExtensibilityGlobals) = postSolution
		SolutionGuid = {DCC7E336-030F-46B8-8644-A37A187C4778}
	EndGlobalSection
EndGlobal
